github.com/cdroot01/go837 v0.1.0 h1:pKwk3yxkywB06AN2FMU46arDG+Burw4QqTKB0Kwpktw=
github.com/cdroot01/go837 v0.1.0/go.mod h1:RiNVLaCegZ3YMgRYpxmZCN96+wGkA/vShyRvo/VbXIo=
github.com/cdroot01/go837 v1.1.1 h1:GHpnEPc01rJfDcDrECZptzp8rO1vIAsczIFWYLZflm4=
github.com/cdroot01/go837 v1.1.1/go.mod h1:RiNVLaCegZ3YMgRYpxmZCN96+wGkA/vShyRvo/VbXIo=
